PODS:
  - FlexLayout (1.3.21)
  - NMapsMap (3.13.0)

DEPENDENCIES:
  - FlexLayout
  - NMapsMap

SPEC REPOS:
  trunk:
    - FlexLayout
    - NMapsMap

SPEC CHECKSUMS:
  FlexLayout: 369187058b11d0452055ba6cce59c4572b430906
  NMapsMap: 88b5bdac7087bfa99ab058ff5cdd95fb766e0e95

PODFILE CHECKSUM: 6aa7c944eb29ca8d671bc52c270b3b0cf48cd26e

COCOAPODS: 1.10.1
